// !$*UTF8*$!
{
	archiveVersion = 1;
	classes = {
	};
	objectVersion = 48;
	objects = {

/* Begin PBXBuildFile section */
		84028A88203DB9DB001308B5 /* StatusBarController.swift in Sources */ = {isa = PBXBuildFile; fileRef = 841774E9203808CF00FB3986 /* StatusBarController.swift */; };
		841774F02038119800FB3986 /* SettingViewCell.swift in Sources */ = {isa = PBXBuildFile; fileRef = 841774EE2038119800FB3986 /* SettingViewCell.swift */; };
		841774F12038119800FB3986 /* SettingViewCell.xib in Resources */ = {isa = PBXBuildFile; fileRef = 841774EF2038119800FB3986 /* SettingViewCell.xib */; };
		841774F420381BD600FB3986 /* ReferenceViewController.swift in Sources */ = {isa = PBXBuildFile; fileRef = 841774F320381BD600FB3986 /* ReferenceViewController.swift */; };
		841774F7203820EA00FB3986 /* OrganizationViewCell.swift in Sources */ = {isa = PBXBuildFile; fileRef = 841774F5203820EA00FB3986 /* OrganizationViewCell.swift */; };
		841774F8203820EA00FB3986 /* OrganizationViewCell.xib in Resources */ = {isa = PBXBuildFile; fileRef = 841774F6203820EA00FB3986 /* OrganizationViewCell.xib */; };
		843059632045908500043627 /* Group.swift in Sources */ = {isa = PBXBuildFile; fileRef = 843059622045908500043627 /* Group.swift */; };
		84305966204596D200043627 /* ServerManager.swift in Sources */ = {isa = PBXBuildFile; fileRef = 84305965204596D200043627 /* ServerManager.swift */; };
		843059682045971E00043627 /* HTTPRequestManager.swift in Sources */ = {isa = PBXBuildFile; fileRef = 843059672045971E00043627 /* HTTPRequestManager.swift */; };
		8430596A2045974300043627 /* HttpStatusCode.swift in Sources */ = {isa = PBXBuildFile; fileRef = 843059692045974300043627 /* HttpStatusCode.swift */; };
		8430596C2045987200043627 /* Data.swift in Sources */ = {isa = PBXBuildFile; fileRef = 8430596B2045987200043627 /* Data.swift */; };
		8430596E2045991B00043627 /* Citizen.swift in Sources */ = {isa = PBXBuildFile; fileRef = 8430596D2045991B00043627 /* Citizen.swift */; };
		847FB18D20383B87005AA1F9 /* OrganizationsViewController.swift in Sources */ = {isa = PBXBuildFile; fileRef = 847FB18C20383B87005AA1F9 /* OrganizationsViewController.swift */; };
		849876B32046675400DE990B /* Organization.swift in Sources */ = {isa = PBXBuildFile; fileRef = 849876B22046675400DE990B /* Organization.swift */; };
		849876B520466E9900DE990B /* Region.swift in Sources */ = {isa = PBXBuildFile; fileRef = 849876B420466E9900DE990B /* Region.swift */; };
		849876B7204678BC00DE990B /* Accident.swift in Sources */ = {isa = PBXBuildFile; fileRef = 849876B6204678BC00DE990B /* Accident.swift */; };
		849876B92046793600DE990B /* Info.swift in Sources */ = {isa = PBXBuildFile; fileRef = 849876B82046793600DE990B /* Info.swift */; };
		84A0083220369BE80043A4B8 /* AppDelegate.swift in Sources */ = {isa = PBXBuildFile; fileRef = 84A0083120369BE80043A4B8 /* AppDelegate.swift */; };
		84A0083720369BE80043A4B8 /* Main.storyboard in Resources */ = {isa = PBXBuildFile; fileRef = 84A0083520369BE80043A4B8 /* Main.storyboard */; };
		84A0083A20369BE80043A4B8 /* MigrationApp.xcdatamodeld in Sources */ = {isa = PBXBuildFile; fileRef = 84A0083820369BE80043A4B8 /* MigrationApp.xcdatamodeld */; };
		84A0083C20369BE80043A4B8 /* Assets.xcassets in Resources */ = {isa = PBXBuildFile; fileRef = 84A0083B20369BE80043A4B8 /* Assets.xcassets */; };
		84A0083F20369BE80043A4B8 /* LaunchScreen.storyboard in Resources */ = {isa = PBXBuildFile; fileRef = 84A0083D20369BE80043A4B8 /* LaunchScreen.storyboard */; };
		84A008492036B6790043A4B8 /* SettingsController.swift in Sources */ = {isa = PBXBuildFile; fileRef = 84A008482036B6790043A4B8 /* SettingsController.swift */; };
		84D2943C20467F6A003A3E75 /* LanguageViewController.swift in Sources */ = {isa = PBXBuildFile; fileRef = 84D2943B20467F6A003A3E75 /* LanguageViewController.swift */; };
		84D2943F20468752003A3E75 /* page.storyboard in Resources */ = {isa = PBXBuildFile; fileRef = 84D2943E20468752003A3E75 /* page.storyboard */; };
		84D29441204688E6003A3E75 /* PageViewController.swift in Sources */ = {isa = PBXBuildFile; fileRef = 84D29440204688E6003A3E75 /* PageViewController.swift */; };
		84D294432046A60E003A3E75 /* LangPickCellTableViewCell.swift in Sources */ = {isa = PBXBuildFile; fileRef = 84D294422046A60E003A3E75 /* LangPickCellTableViewCell.swift */; };
		A366593B70C3E7FAB7A89DA6 /* Pods_MigrationApp.framework in Frameworks */ = {isa = PBXBuildFile; fileRef = 55889D2A5ABF79C1CD759D56 /* Pods_MigrationApp.framework */; };
/* End PBXBuildFile section */

/* Begin PBXFileReference section */
		511C2D594FD51D999782F231 /* Pods-MigrationApp.release.xcconfig */ = {isa = PBXFileReference; includeInIndex = 1; lastKnownFileType = text.xcconfig; name = "Pods-MigrationApp.release.xcconfig"; path = "Pods/Target Support Files/Pods-MigrationApp/Pods-MigrationApp.release.xcconfig"; sourceTree = "<group>"; };
		55889D2A5ABF79C1CD759D56 /* Pods_MigrationApp.framework */ = {isa = PBXFileReference; explicitFileType = wrapper.framework; includeInIndex = 0; path = Pods_MigrationApp.framework; sourceTree = BUILT_PRODUCTS_DIR; };
		6B066081DCA8EA0CEBC1F4C7 /* Pods-MigrationApp.debug.xcconfig */ = {isa = PBXFileReference; includeInIndex = 1; lastKnownFileType = text.xcconfig; name = "Pods-MigrationApp.debug.xcconfig"; path = "Pods/Target Support Files/Pods-MigrationApp/Pods-MigrationApp.debug.xcconfig"; sourceTree = "<group>"; };
		841774E9203808CF00FB3986 /* StatusBarController.swift */ = {isa = PBXFileReference; lastKnownFileType = sourcecode.swift; name = StatusBarController.swift; path = MigrationApp/ui/others/StatusBarController.swift; sourceTree = SOURCE_ROOT; };
		841774EE2038119800FB3986 /* SettingViewCell.swift */ = {isa = PBXFileReference; lastKnownFileType = sourcecode.swift; path = SettingViewCell.swift; sourceTree = "<group>"; };
		841774EF2038119800FB3986 /* SettingViewCell.xib */ = {isa = PBXFileReference; lastKnownFileType = file.xib; path = SettingViewCell.xib; sourceTree = "<group>"; };
		841774F320381BD600FB3986 /* ReferenceViewController.swift */ = {isa = PBXFileReference; lastKnownFileType = sourcecode.swift; path = ReferenceViewController.swift; sourceTree = "<group>"; };
		841774F5203820EA00FB3986 /* OrganizationViewCell.swift */ = {isa = PBXFileReference; lastKnownFileType = sourcecode.swift; path = OrganizationViewCell.swift; sourceTree = "<group>"; };
		841774F6203820EA00FB3986 /* OrganizationViewCell.xib */ = {isa = PBXFileReference; lastKnownFileType = file.xib; path = OrganizationViewCell.xib; sourceTree = "<group>"; };
		843059622045908500043627 /* Group.swift */ = {isa = PBXFileReference; lastKnownFileType = sourcecode.swift; path = Group.swift; sourceTree = "<group>"; };
		84305965204596D200043627 /* ServerManager.swift */ = {isa = PBXFileReference; lastKnownFileType = sourcecode.swift; path = ServerManager.swift; sourceTree = "<group>"; };
		843059672045971E00043627 /* HTTPRequestManager.swift */ = {isa = PBXFileReference; lastKnownFileType = sourcecode.swift; path = HTTPRequestManager.swift; sourceTree = "<group>"; };
		843059692045974300043627 /* HttpStatusCode.swift */ = {isa = PBXFileReference; lastKnownFileType = sourcecode.swift; path = HttpStatusCode.swift; sourceTree = "<group>"; };
		8430596B2045987200043627 /* Data.swift */ = {isa = PBXFileReference; lastKnownFileType = sourcecode.swift; path = Data.swift; sourceTree = "<group>"; };
		8430596D2045991B00043627 /* Citizen.swift */ = {isa = PBXFileReference; lastKnownFileType = sourcecode.swift; path = Citizen.swift; sourceTree = "<group>"; };
		847FB18C20383B87005AA1F9 /* OrganizationsViewController.swift */ = {isa = PBXFileReference; lastKnownFileType = sourcecode.swift; path = OrganizationsViewController.swift; sourceTree = "<group>"; };
		849876B22046675400DE990B /* Organization.swift */ = {isa = PBXFileReference; lastKnownFileType = sourcecode.swift; path = Organization.swift; sourceTree = "<group>"; };
		849876B420466E9900DE990B /* Region.swift */ = {isa = PBXFileReference; lastKnownFileType = sourcecode.swift; path = Region.swift; sourceTree = "<group>"; };
		849876B6204678BC00DE990B /* Accident.swift */ = {isa = PBXFileReference; lastKnownFileType = sourcecode.swift; path = Accident.swift; sourceTree = "<group>"; };
		849876B82046793600DE990B /* Info.swift */ = {isa = PBXFileReference; lastKnownFileType = sourcecode.swift; path = Info.swift; sourceTree = "<group>"; };
		84A0082E20369BE80043A4B8 /* MigrationApp.app */ = {isa = PBXFileReference; explicitFileType = wrapper.application; includeInIndex = 0; path = MigrationApp.app; sourceTree = BUILT_PRODUCTS_DIR; };
		84A0083120369BE80043A4B8 /* AppDelegate.swift */ = {isa = PBXFileReference; lastKnownFileType = sourcecode.swift; path = AppDelegate.swift; sourceTree = "<group>"; };
		84A0083620369BE80043A4B8 /* Base */ = {isa = PBXFileReference; lastKnownFileType = file.storyboard; name = Base; path = Base.lproj/Main.storyboard; sourceTree = "<group>"; };
		84A0083920369BE80043A4B8 /* MigrationApp.xcdatamodel */ = {isa = PBXFileReference; lastKnownFileType = wrapper.xcdatamodel; path = MigrationApp.xcdatamodel; sourceTree = "<group>"; };
		84A0083B20369BE80043A4B8 /* Assets.xcassets */ = {isa = PBXFileReference; lastKnownFileType = folder.assetcatalog; path = Assets.xcassets; sourceTree = "<group>"; };
		84A0083E20369BE80043A4B8 /* Base */ = {isa = PBXFileReference; lastKnownFileType = file.storyboard; name = Base; path = Base.lproj/LaunchScreen.storyboard; sourceTree = "<group>"; };
		84A0084020369BE80043A4B8 /* Info.plist */ = {isa = PBXFileReference; lastKnownFileType = text.plist.xml; path = Info.plist; sourceTree = "<group>"; };
		84A008482036B6790043A4B8 /* SettingsController.swift */ = {isa = PBXFileReference; lastKnownFileType = sourcecode.swift; path = SettingsController.swift; sourceTree = "<group>"; };
		84D2943B20467F6A003A3E75 /* LanguageViewController.swift */ = {isa = PBXFileReference; lastKnownFileType = sourcecode.swift; path = LanguageViewController.swift; sourceTree = "<group>"; };
		84D2943E20468752003A3E75 /* page.storyboard */ = {isa = PBXFileReference; lastKnownFileType = file.storyboard; path = page.storyboard; sourceTree = "<group>"; };
		84D29440204688E6003A3E75 /* PageViewController.swift */ = {isa = PBXFileReference; lastKnownFileType = sourcecode.swift; path = PageViewController.swift; sourceTree = "<group>"; };
		84D294422046A60E003A3E75 /* LangPickCellTableViewCell.swift */ = {isa = PBXFileReference; lastKnownFileType = sourcecode.swift; path = LangPickCellTableViewCell.swift; sourceTree = "<group>"; };
/* End PBXFileReference section */

/* Begin PBXFrameworksBuildPhase section */
		84A0082B20369BE80043A4B8 /* Frameworks */ = {
			isa = PBXFrameworksBuildPhase;
			buildActionMask = 2147483647;
			files = (
				A366593B70C3E7FAB7A89DA6 /* Pods_MigrationApp.framework in Frameworks */,
			);
			runOnlyForDeploymentPostprocessing = 0;
		};
/* End PBXFrameworksBuildPhase section */

/* Begin PBXGroup section */
		4225F7177C10E6587392DB5F /* Frameworks */ = {
			isa = PBXGroup;
			children = (
				55889D2A5ABF79C1CD759D56 /* Pods_MigrationApp.framework */,
			);
			name = Frameworks;
			sourceTree = "<group>";
		};
		84028A80203D9D25001308B5 /* ui */ = {
			isa = PBXGroup;
			children = (
				84D2943D2046872B003A3E75 /* start */,
				841774F220381BB500FB3986 /* reference */,
				841774EB20380B3100FB3986 /* others */,
				841190EE20370F2900CE612C /* organizations */,
				84A0084A2036B91A0043A4B8 /* settings */,
			);
			path = ui;
			sourceTree = "<group>";
		};
		84028A81203D9D37001308B5 /* model */ = {
			isa = PBXGroup;
			children = (
				843059622045908500043627 /* Group.swift */,
				8430596B2045987200043627 /* Data.swift */,
				8430596D2045991B00043627 /* Citizen.swift */,
				849876B22046675400DE990B /* Organization.swift */,
				849876B420466E9900DE990B /* Region.swift */,
				849876B6204678BC00DE990B /* Accident.swift */,
				849876B82046793600DE990B /* Info.swift */,
			);
			path = model;
			sourceTree = "<group>";
		};
		841190EE20370F2900CE612C /* organizations */ = {
			isa = PBXGroup;
			children = (
				847FB18C20383B87005AA1F9 /* OrganizationsViewController.swift */,
				841774F5203820EA00FB3986 /* OrganizationViewCell.swift */,
				841774F6203820EA00FB3986 /* OrganizationViewCell.xib */,
			);
			path = organizations;
			sourceTree = "<group>";
		};
		841774EB20380B3100FB3986 /* others */ = {
			isa = PBXGroup;
			children = (
				841774E9203808CF00FB3986 /* StatusBarController.swift */,
			);
			path = others;
			sourceTree = "<group>";
		};
		841774F220381BB500FB3986 /* reference */ = {
			isa = PBXGroup;
			children = (
				841774F320381BD600FB3986 /* ReferenceViewController.swift */,
			);
			path = reference;
			sourceTree = "<group>";
		};
		84305964204596C100043627 /* utils */ = {
			isa = PBXGroup;
			children = (
				84305965204596D200043627 /* ServerManager.swift */,
				843059672045971E00043627 /* HTTPRequestManager.swift */,
				843059692045974300043627 /* HttpStatusCode.swift */,
			);
			path = utils;
			sourceTree = "<group>";
		};
		84A0082520369BE80043A4B8 = {
			isa = PBXGroup;
			children = (
				84A0083020369BE80043A4B8 /* MigrationApp */,
				84A0082F20369BE80043A4B8 /* Products */,
				A34ECF43CEFEDCBC16CFA453 /* Pods */,
				4225F7177C10E6587392DB5F /* Frameworks */,
			);
			sourceTree = "<group>";
		};
		84A0082F20369BE80043A4B8 /* Products */ = {
			isa = PBXGroup;
			children = (
				84A0082E20369BE80043A4B8 /* MigrationApp.app */,
			);
			name = Products;
			sourceTree = "<group>";
		};
		84A0083020369BE80043A4B8 /* MigrationApp */ = {
			isa = PBXGroup;
			children = (
				84305964204596C100043627 /* utils */,
				84028A81203D9D37001308B5 /* model */,
				84028A80203D9D25001308B5 /* ui */,
				84A0083120369BE80043A4B8 /* AppDelegate.swift */,
				84A0083520369BE80043A4B8 /* Main.storyboard */,
				84A0083B20369BE80043A4B8 /* Assets.xcassets */,
				84A0083D20369BE80043A4B8 /* LaunchScreen.storyboard */,
				84A0084020369BE80043A4B8 /* Info.plist */,
				84A0083820369BE80043A4B8 /* MigrationApp.xcdatamodeld */,
			);
			path = MigrationApp;
			sourceTree = "<group>";
		};
		84A0084A2036B91A0043A4B8 /* settings */ = {
			isa = PBXGroup;
			children = (
				84A008482036B6790043A4B8 /* SettingsController.swift */,
				841774EE2038119800FB3986 /* SettingViewCell.swift */,
				841774EF2038119800FB3986 /* SettingViewCell.xib */,
			);
			path = settings;
			sourceTree = "<group>";
		};
		84D2943A20467F1B003A3E75 /* lang_pick */ = {
			isa = PBXGroup;
			children = (
				84D2943B20467F6A003A3E75 /* LanguageViewController.swift */,
				84D294422046A60E003A3E75 /* LangPickCellTableViewCell.swift */,
			);
			path = lang_pick;
			sourceTree = "<group>";
		};
		84D2943D2046872B003A3E75 /* start */ = {
			isa = PBXGroup;
			children = (
				84D2943A20467F1B003A3E75 /* lang_pick */,
				84D2943E20468752003A3E75 /* page.storyboard */,
				84D29440204688E6003A3E75 /* PageViewController.swift */,
			);
			path = start;
			sourceTree = "<group>";
		};
		A34ECF43CEFEDCBC16CFA453 /* Pods */ = {
			isa = PBXGroup;
			children = (
				6B066081DCA8EA0CEBC1F4C7 /* Pods-MigrationApp.debug.xcconfig */,
				511C2D594FD51D999782F231 /* Pods-MigrationApp.release.xcconfig */,
			);
			name = Pods;
			sourceTree = "<group>";
		};
/* End PBXGroup section */

/* Begin PBXNativeTarget section */
		84A0082D20369BE80043A4B8 /* MigrationApp */ = {
			isa = PBXNativeTarget;
			buildConfigurationList = 84A0084320369BE80043A4B8 /* Build configuration list for PBXNativeTarget "MigrationApp" */;
			buildPhases = (
				AECC6910DFBECBBBBD219D3A /* [CP] Check Pods Manifest.lock */,
				84A0082A20369BE80043A4B8 /* Sources */,
				84A0082B20369BE80043A4B8 /* Frameworks */,
				84A0082C20369BE80043A4B8 /* Resources */,
				ACC31167898EB63B11287A91 /* [CP] Embed Pods Frameworks */,
				618E24936F5F12BA3FEA349D /* [CP] Copy Pods Resources */,
			);
			buildRules = (
			);
			dependencies = (
			);
			name = MigrationApp;
			productName = MigrationApp;
			productReference = 84A0082E20369BE80043A4B8 /* MigrationApp.app */;
			productType = "com.apple.product-type.application";
		};
/* End PBXNativeTarget section */

/* Begin PBXProject section */
		84A0082620369BE80043A4B8 /* Project object */ = {
			isa = PBXProject;
			attributes = {
				LastSwiftUpdateCheck = 0920;
				LastUpgradeCheck = 0920;
				ORGANIZATIONNAME = iCoder;
				TargetAttributes = {
					84A0082D20369BE80043A4B8 = {
						CreatedOnToolsVersion = 9.2;
						ProvisioningStyle = Automatic;
					};
				};
			};
			buildConfigurationList = 84A0082920369BE80043A4B8 /* Build configuration list for PBXProject "MigrationApp" */;
			compatibilityVersion = "Xcode 8.0";
			developmentRegion = en;
			hasScannedForEncodings = 0;
			knownRegions = (
				en,
				Base,
			);
			mainGroup = 84A0082520369BE80043A4B8;
			productRefGroup = 84A0082F20369BE80043A4B8 /* Products */;
			projectDirPath = "";
			projectRoot = "";
			targets = (
				84A0082D20369BE80043A4B8 /* MigrationApp */,
			);
		};
/* End PBXProject section */

/* Begin PBXResourcesBuildPhase section */
		84A0082C20369BE80043A4B8 /* Resources */ = {
			isa = PBXResourcesBuildPhase;
			buildActionMask = 2147483647;
			files = (
				841774F8203820EA00FB3986 /* OrganizationViewCell.xib in Resources */,
				84A0083F20369BE80043A4B8 /* LaunchScreen.storyboard in Resources */,
				84A0083C20369BE80043A4B8 /* Assets.xcassets in Resources */,
				841774F12038119800FB3986 /* SettingViewCell.xib in Resources */,
				84D2943F20468752003A3E75 /* page.storyboard in Resources */,
				84A0083720369BE80043A4B8 /* Main.storyboard in Resources */,
			);
			runOnlyForDeploymentPostprocessing = 0;
		};
/* End PBXResourcesBuildPhase section */

/* Begin PBXShellScriptBuildPhase section */
		618E24936F5F12BA3FEA349D /* [CP] Copy Pods Resources */ = {
			isa = PBXShellScriptBuildPhase;
			buildActionMask = 2147483647;
			files = (
			);
			inputPaths = (
			);
			name = "[CP] Copy Pods Resources";
			outputPaths = (
			);
			runOnlyForDeploymentPostprocessing = 0;
			shellPath = /bin/sh;
			shellScript = "\"${SRCROOT}/Pods/Target Support Files/Pods-MigrationApp/Pods-MigrationApp-resources.sh\"\n";
			showEnvVarsInLog = 0;
		};
		ACC31167898EB63B11287A91 /* [CP] Embed Pods Frameworks */ = {
			isa = PBXShellScriptBuildPhase;
			buildActionMask = 2147483647;
			files = (
			);
			inputPaths = (
				"${SRCROOT}/Pods/Target Support Files/Pods-MigrationApp/Pods-MigrationApp-frameworks.sh",
				"${BUILT_PRODUCTS_DIR}/SJSegmentedScrollView/SJSegmentedScrollView.framework",
			);
			name = "[CP] Embed Pods Frameworks";
			outputPaths = (
				"${TARGET_BUILD_DIR}/${FRAMEWORKS_FOLDER_PATH}/SJSegmentedScrollView.framework",
			);
			runOnlyForDeploymentPostprocessing = 0;
			shellPath = /bin/sh;
			shellScript = "\"${SRCROOT}/Pods/Target Support Files/Pods-MigrationApp/Pods-MigrationApp-frameworks.sh\"\n";
			showEnvVarsInLog = 0;
		};
		AECC6910DFBECBBBBD219D3A /* [CP] Check Pods Manifest.lock */ = {
			isa = PBXShellScriptBuildPhase;
			buildActionMask = 2147483647;
			files = (
			);
			inputPaths = (
				"${PODS_PODFILE_DIR_PATH}/Podfile.lock",
				"${PODS_ROOT}/Manifest.lock",
			);
			name = "[CP] Check Pods Manifest.lock";
			outputPaths = (
				"$(DERIVED_FILE_DIR)/Pods-MigrationApp-checkManifestLockResult.txt",
			);
			runOnlyForDeploymentPostprocessing = 0;
			shellPath = /bin/sh;
			shellScript = "diff \"${PODS_PODFILE_DIR_PATH}/Podfile.lock\" \"${PODS_ROOT}/Manifest.lock\" > /dev/null\nif [ $? != 0 ] ; then\n    # print error to STDERR\n    echo \"error: The sandbox is not in sync with the Podfile.lock. Run 'pod install' or update your CocoaPods installation.\" >&2\n    exit 1\nfi\n";
			showEnvVarsInLog = 0;
		};
/* End PBXShellScriptBuildPhase section */

/* Begin PBXSourcesBuildPhase section */
		84A0082A20369BE80043A4B8 /* Sources */ = {
			isa = PBXSourcesBuildPhase;
			buildActionMask = 2147483647;
			files = (
				84305966204596D200043627 /* ServerManager.swift in Sources */,
				843059632045908500043627 /* Group.swift in Sources */,
				84D294432046A60E003A3E75 /* LangPickCellTableViewCell.swift in Sources */,
				8430596E2045991B00043627 /* Citizen.swift in Sources */,
				849876B92046793600DE990B /* Info.swift in Sources */,
				84028A88203DB9DB001308B5 /* StatusBarController.swift in Sources */,
				84A008492036B6790043A4B8 /* SettingsController.swift in Sources */,
				847FB18D20383B87005AA1F9 /* OrganizationsViewController.swift in Sources */,
				84A0083A20369BE80043A4B8 /* MigrationApp.xcdatamodeld in Sources */,
				84A0083220369BE80043A4B8 /* AppDelegate.swift in Sources */,
				841774F420381BD600FB3986 /* ReferenceViewController.swift in Sources */,
				849876B7204678BC00DE990B /* Accident.swift in Sources */,
				84D29441204688E6003A3E75 /* PageViewController.swift in Sources */,
				8430596C2045987200043627 /* Data.swift in Sources */,
				841774F7203820EA00FB3986 /* OrganizationViewCell.swift in Sources */,
				849876B520466E9900DE990B /* Region.swift in Sources */,
				843059682045971E00043627 /* HTTPRequestManager.swift in Sources */,
				8430596A2045974300043627 /* HttpStatusCode.swift in Sources */,
				849876B32046675400DE990B /* Organization.swift in Sources */,
				84D2943C20467F6A003A3E75 /* LanguageViewController.swift in Sources */,
				841774F02038119800FB3986 /* SettingViewCell.swift in Sources */,
			);
			runOnlyForDeploymentPostprocessing = 0;
		};
/* End PBXSourcesBuildPhase section */

/* Begin PBXVariantGroup section */
		84A0083520369BE80043A4B8 /* Main.storyboard */ = {
			isa = PBXVariantGroup;
			children = (
				84A0083620369BE80043A4B8 /* Base */,
			);
			name = Main.storyboard;
			sourceTree = "<group>";
		};
		84A0083D20369BE80043A4B8 /* LaunchScreen.storyboard */ = {
			isa = PBXVariantGroup;
			children = (
				84A0083E20369BE80043A4B8 /* Base */,
			);
			name = LaunchScreen.storyboard;
			sourceTree = "<group>";
		};
/* End PBXVariantGroup section */

/* Begin XCBuildConfiguration section */
		84A0084120369BE80043A4B8 /* Debug */ = {
			isa = XCBuildConfiguration;
			buildSettings = {
				ALWAYS_SEARCH_USER_PATHS = NO;
				CLANG_ANALYZER_NONNULL = YES;
				CLANG_ANALYZER_NUMBER_OBJECT_CONVERSION = YES_AGGRESSIVE;
				CLANG_CXX_LANGUAGE_STANDARD = "gnu++14";
				CLANG_CXX_LIBRARY = "libc++";
				CLANG_ENABLE_MODULES = YES;
				CLANG_ENABLE_OBJC_ARC = YES;
				CLANG_WARN_BLOCK_CAPTURE_AUTORELEASING = YES;
				CLANG_WARN_BOOL_CONVERSION = YES;
				CLANG_WARN_COMMA = YES;
				CLANG_WARN_CONSTANT_CONVERSION = YES;
				CLANG_WARN_DIRECT_OBJC_ISA_USAGE = YES_ERROR;
				CLANG_WARN_DOCUMENTATION_COMMENTS = YES;
				CLANG_WARN_EMPTY_BODY = YES;
				CLANG_WARN_ENUM_CONVERSION = YES;
				CLANG_WARN_INFINITE_RECURSION = YES;
				CLANG_WARN_INT_CONVERSION = YES;
				CLANG_WARN_NON_LITERAL_NULL_CONVERSION = YES;
				CLANG_WARN_OBJC_LITERAL_CONVERSION = YES;
				CLANG_WARN_OBJC_ROOT_CLASS = YES_ERROR;
				CLANG_WARN_RANGE_LOOP_ANALYSIS = YES;
				CLANG_WARN_STRICT_PROTOTYPES = YES;
				CLANG_WARN_SUSPICIOUS_MOVE = YES;
				CLANG_WARN_UNGUARDED_AVAILABILITY = YES_AGGRESSIVE;
				CLANG_WARN_UNREACHABLE_CODE = YES;
				CLANG_WARN__DUPLICATE_METHOD_MATCH = YES;
				CODE_SIGN_IDENTITY = "iPhone Developer";
				COPY_PHASE_STRIP = NO;
				DEBUG_INFORMATION_FORMAT = dwarf;
				ENABLE_STRICT_OBJC_MSGSEND = YES;
				ENABLE_TESTABILITY = YES;
				GCC_C_LANGUAGE_STANDARD = gnu11;
				GCC_DYNAMIC_NO_PIC = NO;
				GCC_NO_COMMON_BLOCKS = YES;
				GCC_OPTIMIZATION_LEVEL = 0;
				GCC_PREPROCESSOR_DEFINITIONS = (
					"DEBUG=1",
					"$(inherited)",
				);
				GCC_WARN_64_TO_32_BIT_CONVERSION = YES;
				GCC_WARN_ABOUT_RETURN_TYPE = YES_ERROR;
				GCC_WARN_UNDECLARED_SELECTOR = YES;
				GCC_WARN_UNINITIALIZED_AUTOS = YES_AGGRESSIVE;
				GCC_WARN_UNUSED_FUNCTION = YES;
				GCC_WARN_UNUSED_VARIABLE = YES;
				IPHONEOS_DEPLOYMENT_TARGET = 11.2;
				MTL_ENABLE_DEBUG_INFO = YES;
				ONLY_ACTIVE_ARCH = YES;
				SDKROOT = iphoneos;
				SWIFT_ACTIVE_COMPILATION_CONDITIONS = DEBUG;
				SWIFT_OPTIMIZATION_LEVEL = "-Onone";
			};
			name = Debug;
		};
		84A0084220369BE80043A4B8 /* Release */ = {
			isa = XCBuildConfiguration;
			buildSettings = {
				ALWAYS_SEARCH_USER_PATHS = NO;
				CLANG_ANALYZER_NONNULL = YES;
				CLANG_ANALYZER_NUMBER_OBJECT_CONVERSION = YES_AGGRESSIVE;
				CLANG_CXX_LANGUAGE_STANDARD = "gnu++14";
				CLANG_CXX_LIBRARY = "libc++";
				CLANG_ENABLE_MODULES = YES;
				CLANG_ENABLE_OBJC_ARC = YES;
				CLANG_WARN_BLOCK_CAPTURE_AUTORELEASING = YES;
				CLANG_WARN_BOOL_CONVERSION = YES;
				CLANG_WARN_COMMA = YES;
				CLANG_WARN_CONSTANT_CONVERSION = YES;
				CLANG_WARN_DIRECT_OBJC_ISA_USAGE = YES_ERROR;
				CLANG_WARN_DOCUMENTATION_COMMENTS = YES;
				CLANG_WARN_EMPTY_BODY = YES;
				CLANG_WARN_ENUM_CONVERSION = YES;
				CLANG_WARN_INFINITE_RECURSION = YES;
				CLANG_WARN_INT_CONVERSION = YES;
				CLANG_WARN_NON_LITERAL_NULL_CONVERSION = YES;
				CLANG_WARN_OBJC_LITERAL_CONVERSION = YES;
				CLANG_WARN_OBJC_ROOT_CLASS = YES_ERROR;
				CLANG_WARN_RANGE_LOOP_ANALYSIS = YES;
				CLANG_WARN_STRICT_PROTOTYPES = YES;
				CLANG_WARN_SUSPICIOUS_MOVE = YES;
				CLANG_WARN_UNGUARDED_AVAILABILITY = YES_AGGRESSIVE;
				CLANG_WARN_UNREACHABLE_CODE = YES;
				CLANG_WARN__DUPLICATE_METHOD_MATCH = YES;
				CODE_SIGN_IDENTITY = "iPhone Developer";
				COPY_PHASE_STRIP = NO;
				DEBUG_INFORMATION_FORMAT = "dwarf-with-dsym";
				ENABLE_NS_ASSERTIONS = NO;
				ENABLE_STRICT_OBJC_MSGSEND = YES;
				GCC_C_LANGUAGE_STANDARD = gnu11;
				GCC_NO_COMMON_BLOCKS = YES;
				GCC_WARN_64_TO_32_BIT_CONVERSION = YES;
				GCC_WARN_ABOUT_RETURN_TYPE = YES_ERROR;
				GCC_WARN_UNDECLARED_SELECTOR = YES;
				GCC_WARN_UNINITIALIZED_AUTOS = YES_AGGRESSIVE;
				GCC_WARN_UNUSED_FUNCTION = YES;
				GCC_WARN_UNUSED_VARIABLE = YES;
				IPHONEOS_DEPLOYMENT_TARGET = 11.2;
				MTL_ENABLE_DEBUG_INFO = NO;
				SDKROOT = iphoneos;
				SWIFT_OPTIMIZATION_LEVEL = "-Owholemodule";
				VALIDATE_PRODUCT = YES;
			};
			name = Release;
		};
		84A0084420369BE80043A4B8 /* Debug */ = {
			isa = XCBuildConfiguration;
			baseConfigurationReference = 6B066081DCA8EA0CEBC1F4C7 /* Pods-MigrationApp.debug.xcconfig */;
			buildSettings = {
				ASSETCATALOG_COMPILER_APPICON_NAME = AppIcon;
				CODE_SIGN_STYLE = Automatic;
				DEVELOPMENT_TEAM = U5DCDBG2W2;
				INFOPLIST_FILE = MigrationApp/Info.plist;
				LD_RUNPATH_SEARCH_PATHS = "$(inherited) @executable_path/Frameworks";
				PRODUCT_BUNDLE_IDENTIFIER = iCoder.MigrationApp;
				PRODUCT_NAME = "$(TARGET_NAME)";
				SWIFT_VERSION = 4.0;
				TARGETED_DEVICE_FAMILY = "1,2";
			};
			name = Debug;
		};
		84A0084520369BE80043A4B8 /* Release */ = {
			isa = XCBuildConfiguration;
			baseConfigurationReference = 511C2D594FD51D999782F231 /* Pods-MigrationApp.release.xcconfig */;
			buildSettings = {
				ASSETCATALOG_COMPILER_APPICON_NAME = AppIcon;
				CODE_SIGN_STYLE = Automatic;
				DEVELOPMENT_TEAM = U5DCDBG2W2;
				INFOPLIST_FILE = MigrationApp/Info.plist;
				LD_RUNPATH_SEARCH_PATHS = "$(inherited) @executable_path/Frameworks";
				PRODUCT_BUNDLE_IDENTIFIER = iCoder.MigrationApp;
				PRODUCT_NAME = "$(TARGET_NAME)";
				SWIFT_VERSION = 4.0;
				TARGETED_DEVICE_FAMILY = "1,2";
			};
			name = Release;
		};
/* End XCBuildConfiguration section */

/* Begin XCConfigurationList section */
		84A0082920369BE80043A4B8 /* Build configuration list for PBXProject "MigrationApp" */ = {
			isa = XCConfigurationList;
			buildConfigurations = (
				84A0084120369BE80043A4B8 /* Debug */,
				84A0084220369BE80043A4B8 /* Release */,
			);
			defaultConfigurationIsVisible = 0;
			defaultConfigurationName = Release;
		};
		84A0084320369BE80043A4B8 /* Build configuration list for PBXNativeTarget "MigrationApp" */ = {
			isa = XCConfigurationList;
			buildConfigurations = (
				84A0084420369BE80043A4B8 /* Debug */,
				84A0084520369BE80043A4B8 /* Release */,
			);
			defaultConfigurationIsVisible = 0;
			defaultConfigurationName = Release;
		};
/* End XCConfigurationList section */

/* Begin XCVersionGroup section */
		84A0083820369BE80043A4B8 /* MigrationApp.xcdatamodeld */ = {
			isa = XCVersionGroup;
			children = (
				84A0083920369BE80043A4B8 /* MigrationApp.xcdatamodel */,
			);
			currentVersion = 84A0083920369BE80043A4B8 /* MigrationApp.xcdatamodel */;
			path = MigrationApp.xcdatamodeld;
			sourceTree = "<group>";
			versionGroupType = wrapper.xcdatamodel;
		};
/* End XCVersionGroup section */
	};
	rootObject = 84A0082620369BE80043A4B8 /* Project object */;
}
